# This file is autogenerated, do not edit; changes may be undone by the next 'dep ensure'.


[[projects]]
  digest = "1:3bb331d3045ee55402a226f6ab0f005cbc09527df714278c3925d4700db79260"
  name = "github.com/PagerDuty/go-pagerduty"
  packages = ["."]
  pruneopts = "UT"
  revision = "b4a4067bdbde86de1d3fdf15c3c01e76bee9127c"
  version = "1.0.4"

[[projects]]
  digest = "1:6f6ac623effd9448bb698c81309cf9da3a561facedc40bf924e24d2e747ddc14"
  name = "github.com/aws/aws-lambda-go"
  packages = [
    "events",
    "lambda",
    "lambda/handlertrace",
    "lambda/messages",
    "lambdacontext",
  ]
  pruneopts = "UT"
  revision = "ec56cb71d7d3e87e21d2151131d4360c25a304d8"
  version = "v1.13.0"

[[projects]]
  digest = "1:667b9b994f6e7dd79172e56f49b60379f9fe09c9f8834b862f841090a5cc882d"
  name = "github.com/aws/aws-sdk-go"
  packages = [
    "aws",
    "aws/awserr",
    "aws/awsutil",
    "aws/client",
    "aws/client/metadata",
    "aws/corehandlers",
    "aws/credentials",
    "aws/credentials/ec2rolecreds",
    "aws/credentials/endpointcreds",
    "aws/credentials/processcreds",
    "aws/credentials/stscreds",
    "aws/csm",
    "aws/defaults",
    "aws/ec2metadata",
    "aws/endpoints",
    "aws/request",
    "aws/session",
    "aws/signer/v4",
    "internal/ini",
    "internal/s3err",
    "internal/sdkio",
    "internal/sdkrand",
    "internal/sdkuri",
    "internal/shareddefaults",
    "private/protocol",
    "private/protocol/eventstream",
    "private/protocol/eventstream/eventstreamapi",
    "private/protocol/json/jsonutil",
    "private/protocol/query",
    "private/protocol/query/queryutil",
    "private/protocol/rest",
    "private/protocol/restxml",
    "private/protocol/xml/xmlutil",
    "service/s3",
    "service/s3/s3iface",
    "service/s3/s3manager",
    "service/sts",
    "service/sts/stsiface",
  ]
  pruneopts = "UT"
  revision = "5c462231880841c424d16b29eab94b393421bdb8"
  version = "v1.23.8"

[[projects]]
  branch = "master"
  digest = "1:7b06e90b1f8a322a21e374b81c1a8c21402fd14f961f7bd609fa1f86a8857c45"
  name = "github.com/fnproject/fdk-go"
  packages = ["."]
  pruneopts = "UT"
  revision = "1458ca84e01dcce8c741a176d971537e80a4cf12"

[[projects]]
  digest = "1:a63cff6b5d8b95638bfe300385d93b2a6d9d687734b863da8e09dc834510a690"
  name = "github.com/google/go-querystring"
  packages = ["query"]
  pruneopts = "UT"
  revision = "44c6ddd0a2342c386950e880b658017258da92fc"
  version = "v1.0.0"

[[projects]]
  digest = "1:582b704bebaa06b48c29b0cec224a6058a09c86883aaddabde889cd1a5f73e1b"
  name = "github.com/google/uuid"
  packages = ["."]
  pruneopts = "UT"
  revision = "0cd6bf5da1e1c83f8b45653022c74f71af0538a4"
  version = "v1.1.1"

[[projects]]
  digest = "1:870d441fe217b8e689d7949fef6e43efbc787e50f200cb1e70dbca9204a1d6be"
  name = "github.com/inconshreveable/mousetrap"
  packages = ["."]
  pruneopts = "UT"
  revision = "76626ae9c91c4f2a10f34cad8ce83ea42c93bb75"
  version = "v1.0"

[[projects]]
  digest = "1:bb81097a5b62634f3e9fec1014657855610c82d19b9a40c17612e32651e35dca"
  name = "github.com/jmespath/go-jmespath"
  packages = ["."]
  pruneopts = "UT"
  revision = "c2b33e84"

[[projects]]
  digest = "1:b4d95c7d86b6fe1dea6cb0e7b7f5344a5d02f9d130dfc18c209741dd1764bb08"
  name = "github.com/jung-kurt/gofpdf"
  packages = ["."]
  pruneopts = "UT"
  revision = "8d49834147adfc68d3a924d29367461344317945"
  version = "v2.11.0"

[[projects]]
  digest = "1:bc6167c2c2b8eefdb6a38dcb8ec062c4463b8be898de0d2baa8f9e08db21e78a"
  name = "github.com/karrick/tparse"
  packages = ["."]
  pruneopts = "UT"
  revision = "5fd378a1832983e666ec4faf8265edc37fde5e54"
  version = "v2.7.0"

[[projects]]
  digest = "1:e096613fb7cf34743d49af87d197663cfccd61876e2219853005a57baedfa562"
  name = "github.com/spf13/cobra"
  packages = ["."]
  pruneopts = "UT"
  revision = "f2b07da1e2c38d5f12845a4f607e2e1018cbb1f5"
  version = "v0.0.5"

[[projects]]
  digest = "1:c1b1102241e7f645bc8e0c22ae352e8f0dc6484b6cb4d132fa9f24174e0119e2"
  name = "github.com/spf13/pflag"
  packages = ["."]
  pruneopts = "UT"
  revision = "298182f68c66c05229eb03ac171abe6e309ee79a"
  version = "v1.0.3"

[solve-meta]
  analyzer-name = "dep"
  analyzer-version = 1
  input-imports = [
    "github.com/PagerDuty/go-pagerduty",
    "github.com/aws/aws-lambda-go/events",
    "github.com/aws/aws-lambda-go/lambda",
    "github.com/aws/aws-sdk-go/aws",
    "github.com/aws/aws-sdk-go/aws/session",
    "github.com/aws/aws-sdk-go/service/s3/s3manager",
    "github.com/fnproject/fdk-go",
    "github.com/google/uuid",
    "github.com/jung-kurt/gofpdf",
    "github.com/karrick/tparse",
    "github.com/spf13/cobra",
  ]
  solver-name = "gps-cdcl"
  solver-version = 1
